
Microsoft Visual Studio Solution File, Format Version 12.00
# Visual Studio Version 18
VisualStudioVersion = 18.8.12023.21
MinimumVisualStudioVersion = 10.0.40219.1
Project("{FAE04EC0-301F-11D3-BF4B-00C04F79EFBC}") = "Iag.Unity.DataAccess", "Iag.Unity.DataAccess\Iag.Unity.DataAccess.csproj", "{61BAD790-E543-474A-86D9-B683107D95A6}"
EndProject
Project("{FAE04EC0-301F-11D3-BF4B-00C04F79EFBC}") = "Iag.Unity.DataAccess.Tests", "Iag.Unity.DataAccess.Tests\Iag.Unity.DataAccess.Tests.csproj", "{C8B08427-F566-4B73-BA9C-E97E0839CB37}"
EndProject
Global
	GlobalSection(SolutionConfigurationPlatforms) = preSolution
		Debug|Any CPU = Debug|Any CPU
		Debug|x64 = Debug|x64
		Debug|x86 = Debug|x86
		Release|Any CPU = Release|Any CPU
		Release|x64 = Release|x64
		Release|x86 = Release|x86
	EndGlobalSection
	GlobalSection(ProjectConfigurationPlatforms) = postSolution
		{61BAD790-E543-474A-86D9-B683107D95A6}.Debug|Any CPU.ActiveCfg = Debug|Any CPU
		{61BAD790-E543-474A-86D9-B683107D95A6}.Debug|Any CPU.Build.0 = Debug|Any CPU
		{61BAD790-E543-474A-86D9-B683107D95A6}.Debug|x64.ActiveCfg = Debug|Any CPU
		{61BAD790-E543-474A-86D9-B683107D95A6}.Debug|x64.Build.0 = Debug|Any CPU
		{61BAD790-E543-474A-86D9-B683107D95A6}.Debug|x86.ActiveCfg = Debug|Any CPU
		{61BAD790-E543-474A-86D9-B683107D95A6}.Debug|x86.Build.0 = Debug|Any CPU
		{61BAD790-E543-474A-86D9-B683107D95A6}.Release|Any CPU.ActiveCfg = Release|Any CPU
		{61BAD790-E543-474A-86D9-B683107D95A6}.Release|Any CPU.Build.0 = Release|Any CPU
		{61BAD790-E543-474A-86D9-B683107D95A6}.Release|x64.ActiveCfg = Release|Any CPU
		{61BAD790-E543-474A-86D9-B683107D95A6}.Release|x64.Build.0 = Release|Any CPU
		{61BAD790-E543-474A-86D9-B683107D95A6}.Release|x86.ActiveCfg = Release|Any CPU
		{61BAD790-E543-474A-86D9-B683107D95A6}.Release|x86.Build.0 = Release|Any CPU
		{C8B08427-F566-4B73-BA9C-E97E0839CB37}.Debug|Any CPU.ActiveCfg = Debug|Any CPU
		{C8B08427-F566-4B73-BA9C-E97E0839CB37}.Debug|Any CPU.Build.0 = Debug|Any CPU
		{C8B08427-F566-4B73-BA9C-E97E0839CB37}.Debug|x64.ActiveCfg = Debug|Any CPU
		{C8B08427-F566-4B73-BA9C-E97E0839CB37}.Debug|x64.Build.0 = Debug|Any CPU
		{C8B08427-F566-4B73-BA9C-E97E0839CB37}.Debug|x86.ActiveCfg = Debug|Any CPU
		{C8B08427-F566-4B73-BA9C-E97E0839CB37}.Debug|x86.Build.0 = Debug|Any CPU
		{C8B08427-F566-4B73-BA9C-E97E0839CB37}.Release|Any CPU.ActiveCfg = Release|Any CPU
		{C8B08427-F566-4B73-BA9C-E97E0839CB37}.Release|Any CPU.Build.0 = Release|Any CPU
		{C8B08427-F566-4B73-BA9C-E97E0839CB37}.Release|x64.ActiveCfg = Release|Any CPU
		{C8B08427-F566-4B73-BA9C-E97E0839CB37}.Release|x64.Build.0 = Release|Any CPU
		{C8B08427-F566-4B73-BA9C-E97E0839CB37}.Release|x86.ActiveCfg = Release|Any CPU
		{C8B08427-F566-4B73-BA9C-E97E0839CB37}.Release|x86.Build.0 = Release|Any CPU
	EndGlobalSection
	GlobalSection(SolutionProperties) = preSolution
		HideSolutionNode = FALSE
	EndGlobalSection
	GlobalSection(ExtensibilityGlobals) = postSolution
		SolutionGuid = {32892504-4361-4C2D-AFB5-956B2A3C9513}
	EndGlobalSection
EndGlobal
