
Microsoft Visual Studio Solution File, Format Version 12.00
# Visual Studio Version 16
VisualStudioVersion = 16.0.29728.190
MinimumVisualStudioVersion = 10.0.40219.1
Project("{FAE04EC0-301F-11D3-BF4B-00C04F79EFBC}") = "Iag.Unity.DataAccess", "Iag.Unity.DataAccess\Iag.Unity.DataAccess.csproj", "{73B494AA-88B9-4A89-B382-3C5A8585C915}"
EndProject
Global
	GlobalSection(SolutionConfigurationPlatforms) = preSolution
		Debug|Any CPU = Debug|Any CPU
		Release|Any CPU = Release|Any CPU
	EndGlobalSection
	GlobalSection(ProjectConfigurationPlatforms) = postSolution
		{73B494AA-88B9-4A89-B382-3C5A8585C915}.Debug|Any CPU.ActiveCfg = Debug|Any CPU
		{73B494AA-88B9-4A89-B382-3C5A8585C915}.Debug|Any CPU.Build.0 = Debug|Any CPU
		{73B494AA-88B9-4A89-B382-3C5A8585C915}.Release|Any CPU.ActiveCfg = Release|Any CPU
		{73B494AA-88B9-4A89-B382-3C5A8585C915}.Release|Any CPU.Build.0 = Release|Any CPU
	EndGlobalSection
	GlobalSection(SolutionProperties) = preSolution
		HideSolutionNode = FALSE
	EndGlobalSection
	GlobalSection(ExtensibilityGlobals) = postSolution
		SolutionGuid = {4909B983-FBD9-4ABD-8B21-1D3D10A82F7F}
	EndGlobalSection
EndGlobal
